// !$*UTF8*$!
{
	archiveVersion = 1;
	classes = {
	};
	objectVersion = 46;
	objects = {

/* Begin PBXBuildFile section */
		1D32C4641A7847E900B40EC9 /* AppDelegate.swift in Sources */ = {isa = PBXBuildFile; fileRef = 1D32C4631A7847E900B40EC9 /* AppDelegate.swift */; };
		1D32C4661A7847E900B40EC9 /* ViewController.swift in Sources */ = {isa = PBXBuildFile; fileRef = 1D32C4651A7847E900B40EC9 /* ViewController.swift */; };
		1D32C4691A7847E900B40EC9 /* Main.storyboard in Resources */ = {isa = PBXBuildFile; fileRef = 1D32C4671A7847E900B40EC9 /* Main.storyboard */; };
		1D32C46B1A7847E900B40EC9 /* Images.xcassets in Resources */ = {isa = PBXBuildFile; fileRef = 1D32C46A1A7847E900B40EC9 /* Images.xcassets */; };
		1D32C46E1A7847E900B40EC9 /* LaunchScreen.xib in Resources */ = {isa = PBXBuildFile; fileRef = 1D32C46C1A7847E900B40EC9 /* LaunchScreen.xib */; };
		1D32C47A1A7847EA00B40EC9 /* hw1_dunning_guidesTests.swift in Sources */ = {isa = PBXBuildFile; fileRef = 1D32C4791A7847EA00B40EC9 /* hw1_dunning_guidesTests.swift */; };
/* End PBXBuildFile section */

/* Begin PBXContainerItemProxy section */
		1D32C4741A7847EA00B40EC9 /* PBXContainerItemProxy */ = {
			isa = PBXContainerItemProxy;
			containerPortal = 1D32C4561A7847E900B40EC9 /* Project object */;
			proxyType = 1;
			remoteGlobalIDString = 1D32C45D1A7847E900B40EC9;
			remoteInfo = "hw1-dunning-guides";
		};
/* End PBXContainerItemProxy section */

/* Begin PBXFileReference section */
		1D32C45E1A7847E900B40EC9 /* hw1-dunning-guides.app */ = {isa = PBXFileReference; explicitFileType = wrapper.application; includeInIndex = 0; path = "hw1-dunning-guides.app"; sourceTree = BUILT_PRODUCTS_DIR; };
		1D32C4621A7847E900B40EC9 /* Info.plist */ = {isa = PBXFileReference; lastKnownFileType = text.plist.xml; path = Info.plist; sourceTree = "<group>"; };
		1D32C4631A7847E900B40EC9 /* AppDelegate.swift */ = {isa = PBXFileReference; lastKnownFileType = sourcecode.swift; path = AppDelegate.swift; sourceTree = "<group>"; };
		1D32C4651A7847E900B40EC9 /* ViewController.swift */ = {isa = PBXFileReference; lastKnownFileType = sourcecode.swift; path = ViewController.swift; sourceTree = "<group>"; };
		1D32C4681A7847E900B40EC9 /* Base */ = {isa = PBXFileReference; lastKnownFileType = file.storyboard; name = Base; path = Base.lproj/Main.storyboard; sourceTree = "<group>"; };
		1D32C46A1A7847E900B40EC9 /* Images.xcassets */ = {isa = PBXFileReference; lastKnownFileType = folder.assetcatalog; path = Images.xcassets; sourceTree = "<group>"; };
		1D32C46D1A7847E900B40EC9 /* Base */ = {isa = PBXFileReference; lastKnownFileType = file.xib; name = Base; path = Base.lproj/LaunchScreen.xib; sourceTree = "<group>"; };
		1D32C4731A7847EA00B40EC9 /* hw1-dunning-guidesTests.xctest */ = {isa = PBXFileReference; explicitFileType = wrapper.cfbundle; includeInIndex = 0; path = "hw1-dunning-guidesTests.xctest"; sourceTree = BUILT_PRODUCTS_DIR; };
		1D32C4781A7847EA00B40EC9 /* Info.plist */ = {isa = PBXFileReference; lastKnownFileType = text.plist.xml; path = Info.plist; sourceTree = "<group>"; };
		1D32C4791A7847EA00B40EC9 /* hw1_dunning_guidesTests.swift */ = {isa = PBXFileReference; lastKnownFileType = sourcecode.swift; path = hw1_dunning_guidesTests.swift; sourceTree = "<group>"; };
/* End PBXFileReference section */

/* Begin PBXFrameworksBuildPhase section */
		1D32C45B1A7847E900B40EC9 /* Frameworks */ = {
			isa = PBXFrameworksBuildPhase;
			buildActionMask = 2147483647;
			files = (
			);
			runOnlyForDeploymentPostprocessing = 0;
		};
		1D32C4701A7847EA00B40EC9 /* Frameworks */ = {
			isa = PBXFrameworksBuildPhase;
			buildActionMask = 2147483647;
			files = (
			);
			runOnlyForDeploymentPostprocessing = 0;
		};
/* End PBXFrameworksBuildPhase section */

/* Begin PBXGroup section */
		1D32C4551A7847E900B40EC9 = {
			isa = PBXGroup;
			children = (
				1D32C4601A7847E900B40EC9 /* hw1-dunning-guides */,
				1D32C4761A7847EA00B40EC9 /* hw1-dunning-guidesTests */,
				1D32C45F1A7847E900B40EC9 /* Products */,
			);
			sourceTree = "<group>";
		};
		1D32C45F1A7847E900B40EC9 /* Products */ = {
			isa = PBXGroup;
			children = (
				1D32C45E1A7847E900B40EC9 /* hw1-dunning-guides.app */,
				1D32C4731A7847EA00B40EC9 /* hw1-dunning-guidesTests.xctest */,
			);
			name = Products;
			sourceTree = "<group>";
		};
		1D32C4601A7847E900B40EC9 /* hw1-dunning-guides */ = {
			isa = PBXGroup;
			children = (
				1D32C4631A7847E900B40EC9 /* AppDelegate.swift */,
				1D32C4651A7847E900B40EC9 /* ViewController.swift */,
				1D32C4671A7847E900B40EC9 /* Main.storyboard */,
				1D32C46A1A7847E900B40EC9 /* Images.xcassets */,
				1D32C46C1A7847E900B40EC9 /* LaunchScreen.xib */,
				1D32C4611A7847E900B40EC9 /* Supporting Files */,
			);
			path = "hw1-dunning-guides";
			sourceTree = "<group>";
		};
		1D32C4611A7847E900B40EC9 /* Supporting Files */ = {
			isa = PBXGroup;
			children = (
				1D32C4621A7847E900B40EC9 /* Info.plist */,
			);
			name = "Supporting Files";
			sourceTree = "<group>";
		};
		1D32C4761A7847EA00B40EC9 /* hw1-dunning-guidesTests */ = {
			isa = PBXGroup;
			children = (
				1D32C4791A7847EA00B40EC9 /* hw1_dunning_guidesTests.swift */,
				1D32C4771A7847EA00B40EC9 /* Supporting Files */,
			);
			path = "hw1-dunning-guidesTests";
			sourceTree = "<group>";
		};
		1D32C4771A7847EA00B40EC9 /* Supporting Files */ = {
			isa = PBXGroup;
			children = (
				1D32C4781A7847EA00B40EC9 /* Info.plist */,
			);
			name = "Supporting Files";
			sourceTree = "<group>";
		};
/* End PBXGroup section */

/* Begin PBXNativeTarget section */
		1D32C45D1A7847E900B40EC9 /* hw1-dunning-guides */ = {
			isa = PBXNativeTarget;
			buildConfigurationList = 1D32C47D1A7847EA00B40EC9 /* Build configuration list for PBXNativeTarget "hw1-dunning-guides" */;
			buildPhases = (
				1D32C45A1A7847E900B40EC9 /* Sources */,
				1D32C45B1A7847E900B40EC9 /* Frameworks */,
				1D32C45C1A7847E900B40EC9 /* Resources */,
			);
			buildRules = (
			);
			dependencies = (
			);
			name = "hw1-dunning-guides";
			productName = "hw1-dunning-guides";
			productReference = 1D32C45E1A7847E900B40EC9 /* hw1-dunning-guides.app */;
			productType = "com.apple.product-type.application";
		};
		1D32C4721A7847EA00B40EC9 /* hw1-dunning-guidesTests */ = {
			isa = PBXNativeTarget;
			buildConfigurationList = 1D32C4801A7847EA00B40EC9 /* Build configuration list for PBXNativeTarget "hw1-dunning-guidesTests" */;
			buildPhases = (
				1D32C46F1A7847EA00B40EC9 /* Sources */,
				1D32C4701A7847EA00B40EC9 /* Frameworks */,
				1D32C4711A7847EA00B40EC9 /* Resources */,
			);
			buildRules = (
			);
			dependencies = (
				1D32C4751A7847EA00B40EC9 /* PBXTargetDependency */,
			);
			name = "hw1-dunning-guidesTests";
			productName = "hw1-dunning-guidesTests";
			productReference = 1D32C4731A7847EA00B40EC9 /* hw1-dunning-guidesTests.xctest */;
			productType = "com.apple.product-type.bundle.unit-test";
		};
/* End PBXNativeTarget section */

/* Begin PBXProject section */
		1D32C4561A7847E900B40EC9 /* Project object */ = {
			isa = PBXProject;
			attributes = {
				LastUpgradeCheck = 0610;
				ORGANIZATIONNAME = "Brian Kobashikawa";
				TargetAttributes = {
					1D32C45D1A7847E900B40EC9 = {
						CreatedOnToolsVersion = 6.1.1;
					};
					1D32C4721A7847EA00B40EC9 = {
						CreatedOnToolsVersion = 6.1.1;
						TestTargetID = 1D32C45D1A7847E900B40EC9;
					};
				};
			};
			buildConfigurationList = 1D32C4591A7847E900B40EC9 /* Build configuration list for PBXProject "hw1-dunning-guides" */;
			compatibilityVersion = "Xcode 3.2";
			developmentRegion = English;
			hasScannedForEncodings = 0;
			knownRegions = (
				en,
				Base,
			);
			mainGroup = 1D32C4551A7847E900B40EC9;
			productRefGroup = 1D32C45F1A7847E900B40EC9 /* Products */;
			projectDirPath = "";
			projectRoot = "";
			targets = (
				1D32C45D1A7847E900B40EC9 /* hw1-dunning-guides */,
				1D32C4721A7847EA00B40EC9 /* hw1-dunning-guidesTests */,
			);
		};
/* End PBXProject section */

/* Begin PBXResourcesBuildPhase section */
		1D32C45C1A7847E900B40EC9 /* Resources */ = {
			isa = PBXResourcesBuildPhase;
			buildActionMask = 2147483647;
			files = (
				1D32C4691A7847E900B40EC9 /* Main.storyboard in Resources */,
				1D32C46E1A7847E900B40EC9 /* LaunchScreen.xib in Resources */,
				1D32C46B1A7847E900B40EC9 /* Images.xcassets in Resources */,
			);
			runOnlyForDeploymentPostprocessing = 0;
		};
		1D32C4711A7847EA00B40EC9 /* Resources */ = {
			isa = PBXResourcesBuildPhase;
			buildActionMask = 2147483647;
			files = (
			);
			runOnlyForDeploymentPostprocessing = 0;
		};
/* End PBXResourcesBuildPhase section */

/* Begin PBXSourcesBuildPhase section */
		1D32C45A1A7847E900B40EC9 /* Sources */ = {
			isa = PBXSourcesBuildPhase;
			buildActionMask = 2147483647;
			files = (
				1D32C4661A7847E900B40EC9 /* ViewController.swift in Sources */,
				1D32C4641A7847E900B40EC9 /* AppDelegate.swift in Sources */,
			);
			runOnlyForDeploymentPostprocessing = 0;
		};
		1D32C46F1A7847EA00B40EC9 /* Sources */ = {
			isa = PBXSourcesBuildPhase;
			buildActionMask = 2147483647;
			files = (
				1D32C47A1A7847EA00B40EC9 /* hw1_dunning_guidesTests.swift in Sources */,
			);
			runOnlyForDeploymentPostprocessing = 0;
		};
/* End PBXSourcesBuildPhase section */

/* Begin PBXTargetDependency section */
		1D32C4751A7847EA00B40EC9 /* PBXTargetDependency */ = {
			isa = PBXTargetDependency;
			target = 1D32C45D1A7847E900B40EC9 /* hw1-dunning-guides */;
			targetProxy = 1D32C4741A7847EA00B40EC9 /* PBXContainerItemProxy */;
		};
/* End PBXTargetDependency section */

/* Begin PBXVariantGroup section */
		1D32C4671A7847E900B40EC9 /* Main.storyboard */ = {
			isa = PBXVariantGroup;
			children = (
				1D32C4681A7847E900B40EC9 /* Base */,
			);
			name = Main.storyboard;
			sourceTree = "<group>";
		};
		1D32C46C1A7847E900B40EC9 /* LaunchScreen.xib */ = {
			isa = PBXVariantGroup;
			children = (
				1D32C46D1A7847E900B40EC9 /* Base */,
			);
			name = LaunchScreen.xib;
			sourceTree = "<group>";
		};
/* End PBXVariantGroup section */

/* Begin XCBuildConfiguration section */
		1D32C47B1A7847EA00B40EC9 /* Debug */ = {
			isa = XCBuildConfiguration;
			buildSettings = {
				ALWAYS_SEARCH_USER_PATHS = NO;
				CLANG_CXX_LANGUAGE_STANDARD = "gnu++0x";
				CLANG_CXX_LIBRARY = "libc++";
				CLANG_ENABLE_MODULES = YES;
				CLANG_ENABLE_OBJC_ARC = YES;
				CLANG_WARN_BOOL_CONVERSION = YES;
				CLANG_WARN_CONSTANT_CONVERSION = YES;
				CLANG_WARN_DIRECT_OBJC_ISA_USAGE = YES_ERROR;
				CLANG_WARN_EMPTY_BODY = YES;
				CLANG_WARN_ENUM_CONVERSION = YES;
				CLANG_WARN_INT_CONVERSION = YES;
				CLANG_WARN_OBJC_ROOT_CLASS = YES_ERROR;
				CLANG_WARN_UNREACHABLE_CODE = YES;
				CLANG_WARN__DUPLICATE_METHOD_MATCH = YES;
				"CODE_SIGN_IDENTITY[sdk=iphoneos*]" = "iPhone Developer";
				COPY_PHASE_STRIP = NO;
				ENABLE_STRICT_OBJC_MSGSEND = YES;
				GCC_C_LANGUAGE_STANDARD = gnu99;
				GCC_DYNAMIC_NO_PIC = NO;
				GCC_OPTIMIZATION_LEVEL = 0;
				GCC_PREPROCESSOR_DEFINITIONS = (
					"DEBUG=1",
					"$(inherited)",
				);
				GCC_SYMBOLS_PRIVATE_EXTERN = NO;
				GCC_WARN_64_TO_32_BIT_CONVERSION = YES;
				GCC_WARN_ABOUT_RETURN_TYPE = YES_ERROR;
				GCC_WARN_UNDECLARED_SELECTOR = YES;
				GCC_WARN_UNINITIALIZED_AUTOS = YES_AGGRESSIVE;
				GCC_WARN_UNUSED_FUNCTION = YES;
				GCC_WARN_UNUSED_VARIABLE = YES;
				IPHONEOS_DEPLOYMENT_TARGET = 8.1;
				MTL_ENABLE_DEBUG_INFO = YES;
				ONLY_ACTIVE_ARCH = YES;
				SDKROOT = iphoneos;
				SWIFT_OPTIMIZATION_LEVEL = "-Onone";
			};
			name = Debug;
		};
		1D32C47C1A7847EA00B40EC9 /* Release */ = {
			isa = XCBuildConfiguration;
			buildSettings = {
				ALWAYS_SEARCH_USER_PATHS = NO;
				CLANG_CXX_LANGUAGE_STANDARD = "gnu++0x";
				CLANG_CXX_LIBRARY = "libc++";
				CLANG_ENABLE_MODULES = YES;
				CLANG_ENABLE_OBJC_ARC = YES;
				CLANG_WARN_BOOL_CONVERSION = YES;
				CLANG_WARN_CONSTANT_CONVERSION = YES;
				CLANG_WARN_DIRECT_OBJC_ISA_USAGE = YES_ERROR;
				CLANG_WARN_EMPTY_BODY = YES;
				CLANG_WARN_ENUM_CONVERSION = YES;
				CLANG_WARN_INT_CONVERSION = YES;
				CLANG_WARN_OBJC_ROOT_CLASS = YES_ERROR;
				CLANG_WARN_UNREACHABLE_CODE = YES;
				CLANG_WARN__DUPLICATE_METHOD_MATCH = YES;
				"CODE_SIGN_IDENTITY[sdk=iphoneos*]" = "iPhone Developer";
				COPY_PHASE_STRIP = YES;
				ENABLE_NS_ASSERTIONS = NO;
				ENABLE_STRICT_OBJC_MSGSEND = YES;
				GCC_C_LANGUAGE_STANDARD = gnu99;
				GCC_WARN_64_TO_32_BIT_CONVERSION = YES;
				GCC_WARN_ABOUT_RETURN_TYPE = YES_ERROR;
				GCC_WARN_UNDECLARED_SELECTOR = YES;
				GCC_WARN_UNINITIALIZED_AUTOS = YES_AGGRESSIVE;
				GCC_WARN_UNUSED_FUNCTION = YES;
				GCC_WARN_UNUSED_VARIABLE = YES;
				IPHONEOS_DEPLOYMENT_TARGET = 8.1;
				MTL_ENABLE_DEBUG_INFO = NO;
				SDKROOT = iphoneos;
				VALIDATE_PRODUCT = YES;
			};
			name = Release;
		};
		1D32C47E1A7847EA00B40EC9 /* Debug */ = {
			isa = XCBuildConfiguration;
			buildSettings = {
				ASSETCATALOG_COMPILER_APPICON_NAME = AppIcon;
				INFOPLIST_FILE = "hw1-dunning-guides/Info.plist";
				IPHONEOS_DEPLOYMENT_TARGET = 8.0;
				LD_RUNPATH_SEARCH_PATHS = "$(inherited) @executable_path/Frameworks";
				PRODUCT_NAME = "$(TARGET_NAME)";
			};
			name = Debug;
		};
		1D32C47F1A7847EA00B40EC9 /* Release */ = {
			isa = XCBuildConfiguration;
			buildSettings = {
				ASSETCATALOG_COMPILER_APPICON_NAME = AppIcon;
				INFOPLIST_FILE = "hw1-dunning-guides/Info.plist";
				IPHONEOS_DEPLOYMENT_TARGET = 8.0;
				LD_RUNPATH_SEARCH_PATHS = "$(inherited) @executable_path/Frameworks";
				PRODUCT_NAME = "$(TARGET_NAME)";
			};
			name = Release;
		};
		1D32C4811A7847EA00B40EC9 /* Debug */ = {
			isa = XCBuildConfiguration;
			buildSettings = {
				BUNDLE_LOADER = "$(TEST_HOST)";
				FRAMEWORK_SEARCH_PATHS = (
					"$(SDKROOT)/Developer/Library/Frameworks",
					"$(inherited)",
				);
				GCC_PREPROCESSOR_DEFINITIONS = (
					"DEBUG=1",
					"$(inherited)",
				);
				INFOPLIST_FILE = "hw1-dunning-guidesTests/Info.plist";
				LD_RUNPATH_SEARCH_PATHS = "$(inherited) @executable_path/Frameworks @loader_path/Frameworks";
				PRODUCT_NAME = "$(TARGET_NAME)";
				TEST_HOST = "$(BUILT_PRODUCTS_DIR)/hw1-dunning-guides.app/hw1-dunning-guides";
			};
			name = Debug;
		};
		1D32C4821A7847EA00B40EC9 /* Release */ = {
			isa = XCBuildConfiguration;
			buildSettings = {
				BUNDLE_LOADER = "$(TEST_HOST)";
				FRAMEWORK_SEARCH_PATHS = (
					"$(SDKROOT)/Developer/Library/Frameworks",
					"$(inherited)",
				);
				INFOPLIST_FILE = "hw1-dunning-guidesTests/Info.plist";
				LD_RUNPATH_SEARCH_PATHS = "$(inherited) @executable_path/Frameworks @loader_path/Frameworks";
				PRODUCT_NAME = "$(TARGET_NAME)";
				TEST_HOST = "$(BUILT_PRODUCTS_DIR)/hw1-dunning-guides.app/hw1-dunning-guides";
			};
			name = Release;
		};
/* End XCBuildConfiguration section */

/* Begin XCConfigurationList section */
		1D32C4591A7847E900B40EC9 /* Build configuration list for PBXProject "hw1-dunning-guides" */ = {
			isa = XCConfigurationList;
			buildConfigurations = (
				1D32C47B1A7847EA00B40EC9 /* Debug */,
				1D32C47C1A7847EA00B40EC9 /* Release */,
			);
			defaultConfigurationIsVisible = 0;
			defaultConfigurationName = Release;
		};
		1D32C47D1A7847EA00B40EC9 /* Build configuration list for PBXNativeTarget "hw1-dunning-guides" */ = {
			isa = XCConfigurationList;
			buildConfigurations = (
				1D32C47E1A7847EA00B40EC9 /* Debug */,
				1D32C47F1A7847EA00B40EC9 /* Release */,
			);
			defaultConfigurationIsVisible = 0;
			defaultConfigurationName = Release;
		};
		1D32C4801A7847EA00B40EC9 /* Build configuration list for PBXNativeTarget "hw1-dunning-guidesTests" */ = {
			isa = XCConfigurationList;
			buildConfigurations = (
				1D32C4811A7847EA00B40EC9 /* Debug */,
				1D32C4821A7847EA00B40EC9 /* Release */,
			);
			defaultConfigurationIsVisible = 0;
			defaultConfigurationName = Release;
		};
/* End XCConfigurationList section */
	};
	rootObject = 1D32C4561A7847E900B40EC9 /* Project object */;
}
