// !$*UTF8*$!
{
	archiveVersion = 1;
	classes = {
	};
	objectVersion = 46;
	objects = {

/* Begin PBXBuildFile section */
		1DF99F321A71DDC5004DB035 /* AppDelegate.swift in Sources */ = {isa = PBXBuildFile; fileRef = 1DF99F311A71DDC5004DB035 /* AppDelegate.swift */; };
		1DF99F341A71DDC5004DB035 /* ViewController.swift in Sources */ = {isa = PBXBuildFile; fileRef = 1DF99F331A71DDC5004DB035 /* ViewController.swift */; };
		1DF99F371A71DDC5004DB035 /* Main.storyboard in Resources */ = {isa = PBXBuildFile; fileRef = 1DF99F351A71DDC5004DB035 /* Main.storyboard */; };
		1DF99F391A71DDC5004DB035 /* Images.xcassets in Resources */ = {isa = PBXBuildFile; fileRef = 1DF99F381A71DDC5004DB035 /* Images.xcassets */; };
		1DF99F3C1A71DDC5004DB035 /* LaunchScreen.xib in Resources */ = {isa = PBXBuildFile; fileRef = 1DF99F3A1A71DDC5004DB035 /* LaunchScreen.xib */; };
		1DF99F481A71DDC5004DB035 /* dunning_guideTests.swift in Sources */ = {isa = PBXBuildFile; fileRef = 1DF99F471A71DDC5004DB035 /* dunning_guideTests.swift */; };
/* End PBXBuildFile section */

/* Begin PBXContainerItemProxy section */
		1DF99F421A71DDC5004DB035 /* PBXContainerItemProxy */ = {
			isa = PBXContainerItemProxy;
			containerPortal = 1DF99F241A71DDC5004DB035 /* Project object */;
			proxyType = 1;
			remoteGlobalIDString = 1DF99F2B1A71DDC5004DB035;
			remoteInfo = "dunning-guide";
		};
/* End PBXContainerItemProxy section */

/* Begin PBXFileReference section */
		1DF99F2C1A71DDC5004DB035 /* dunning-guide.app */ = {isa = PBXFileReference; explicitFileType = wrapper.application; includeInIndex = 0; path = "dunning-guide.app"; sourceTree = BUILT_PRODUCTS_DIR; };
		1DF99F301A71DDC5004DB035 /* Info.plist */ = {isa = PBXFileReference; lastKnownFileType = text.plist.xml; path = Info.plist; sourceTree = "<group>"; };
		1DF99F311A71DDC5004DB035 /* AppDelegate.swift */ = {isa = PBXFileReference; lastKnownFileType = sourcecode.swift; path = AppDelegate.swift; sourceTree = "<group>"; };
		1DF99F331A71DDC5004DB035 /* ViewController.swift */ = {isa = PBXFileReference; lastKnownFileType = sourcecode.swift; path = ViewController.swift; sourceTree = "<group>"; };
		1DF99F361A71DDC5004DB035 /* Base */ = {isa = PBXFileReference; lastKnownFileType = file.storyboard; name = Base; path = Base.lproj/Main.storyboard; sourceTree = "<group>"; };
		1DF99F381A71DDC5004DB035 /* Images.xcassets */ = {isa = PBXFileReference; lastKnownFileType = folder.assetcatalog; path = Images.xcassets; sourceTree = "<group>"; };
		1DF99F3B1A71DDC5004DB035 /* Base */ = {isa = PBXFileReference; lastKnownFileType = file.xib; name = Base; path = Base.lproj/LaunchScreen.xib; sourceTree = "<group>"; };
		1DF99F411A71DDC5004DB035 /* dunning-guideTests.xctest */ = {isa = PBXFileReference; explicitFileType = wrapper.cfbundle; includeInIndex = 0; path = "dunning-guideTests.xctest"; sourceTree = BUILT_PRODUCTS_DIR; };
		1DF99F461A71DDC5004DB035 /* Info.plist */ = {isa = PBXFileReference; lastKnownFileType = text.plist.xml; path = Info.plist; sourceTree = "<group>"; };
		1DF99F471A71DDC5004DB035 /* dunning_guideTests.swift */ = {isa = PBXFileReference; lastKnownFileType = sourcecode.swift; path = dunning_guideTests.swift; sourceTree = "<group>"; };
/* End PBXFileReference section */

/* Begin PBXFrameworksBuildPhase section */
		1DF99F291A71DDC5004DB035 /* Frameworks */ = {
			isa = PBXFrameworksBuildPhase;
			buildActionMask = 2147483647;
			files = (
			);
			runOnlyForDeploymentPostprocessing = 0;
		};
		1DF99F3E1A71DDC5004DB035 /* Frameworks */ = {
			isa = PBXFrameworksBuildPhase;
			buildActionMask = 2147483647;
			files = (
			);
			runOnlyForDeploymentPostprocessing = 0;
		};
/* End PBXFrameworksBuildPhase section */

/* Begin PBXGroup section */
		1DF99F231A71DDC5004DB035 = {
			isa = PBXGroup;
			children = (
				1DF99F2E1A71DDC5004DB035 /* dunning-guide */,
				1DF99F441A71DDC5004DB035 /* dunning-guideTests */,
				1DF99F2D1A71DDC5004DB035 /* Products */,
			);
			sourceTree = "<group>";
		};
		1DF99F2D1A71DDC5004DB035 /* Products */ = {
			isa = PBXGroup;
			children = (
				1DF99F2C1A71DDC5004DB035 /* dunning-guide.app */,
				1DF99F411A71DDC5004DB035 /* dunning-guideTests.xctest */,
			);
			name = Products;
			sourceTree = "<group>";
		};
		1DF99F2E1A71DDC5004DB035 /* dunning-guide */ = {
			isa = PBXGroup;
			children = (
				1DF99F311A71DDC5004DB035 /* AppDelegate.swift */,
				1DF99F331A71DDC5004DB035 /* ViewController.swift */,
				1DF99F351A71DDC5004DB035 /* Main.storyboard */,
				1DF99F381A71DDC5004DB035 /* Images.xcassets */,
				1DF99F3A1A71DDC5004DB035 /* LaunchScreen.xib */,
				1DF99F2F1A71DDC5004DB035 /* Supporting Files */,
			);
			path = "dunning-guide";
			sourceTree = "<group>";
		};
		1DF99F2F1A71DDC5004DB035 /* Supporting Files */ = {
			isa = PBXGroup;
			children = (
				1DF99F301A71DDC5004DB035 /* Info.plist */,
			);
			name = "Supporting Files";
			sourceTree = "<group>";
		};
		1DF99F441A71DDC5004DB035 /* dunning-guideTests */ = {
			isa = PBXGroup;
			children = (
				1DF99F471A71DDC5004DB035 /* dunning_guideTests.swift */,
				1DF99F451A71DDC5004DB035 /* Supporting Files */,
			);
			path = "dunning-guideTests";
			sourceTree = "<group>";
		};
		1DF99F451A71DDC5004DB035 /* Supporting Files */ = {
			isa = PBXGroup;
			children = (
				1DF99F461A71DDC5004DB035 /* Info.plist */,
			);
			name = "Supporting Files";
			sourceTree = "<group>";
		};
/* End PBXGroup section */

/* Begin PBXNativeTarget section */
		1DF99F2B1A71DDC5004DB035 /* dunning-guide */ = {
			isa = PBXNativeTarget;
			buildConfigurationList = 1DF99F4B1A71DDC5004DB035 /* Build configuration list for PBXNativeTarget "dunning-guide" */;
			buildPhases = (
				1DF99F281A71DDC5004DB035 /* Sources */,
				1DF99F291A71DDC5004DB035 /* Frameworks */,
				1DF99F2A1A71DDC5004DB035 /* Resources */,
			);
			buildRules = (
			);
			dependencies = (
			);
			name = "dunning-guide";
			productName = "dunning-guide";
			productReference = 1DF99F2C1A71DDC5004DB035 /* dunning-guide.app */;
			productType = "com.apple.product-type.application";
		};
		1DF99F401A71DDC5004DB035 /* dunning-guideTests */ = {
			isa = PBXNativeTarget;
			buildConfigurationList = 1DF99F4E1A71DDC5004DB035 /* Build configuration list for PBXNativeTarget "dunning-guideTests" */;
			buildPhases = (
				1DF99F3D1A71DDC5004DB035 /* Sources */,
				1DF99F3E1A71DDC5004DB035 /* Frameworks */,
				1DF99F3F1A71DDC5004DB035 /* Resources */,
			);
			buildRules = (
			);
			dependencies = (
				1DF99F431A71DDC5004DB035 /* PBXTargetDependency */,
			);
			name = "dunning-guideTests";
			productName = "dunning-guideTests";
			productReference = 1DF99F411A71DDC5004DB035 /* dunning-guideTests.xctest */;
			productType = "com.apple.product-type.bundle.unit-test";
		};
/* End PBXNativeTarget section */

/* Begin PBXProject section */
		1DF99F241A71DDC5004DB035 /* Project object */ = {
			isa = PBXProject;
			attributes = {
				LastUpgradeCheck = 0610;
				ORGANIZATIONNAME = "Brian Kobashikawa";
				TargetAttributes = {
					1DF99F2B1A71DDC5004DB035 = {
						CreatedOnToolsVersion = 6.1.1;
					};
					1DF99F401A71DDC5004DB035 = {
						CreatedOnToolsVersion = 6.1.1;
						TestTargetID = 1DF99F2B1A71DDC5004DB035;
					};
				};
			};
			buildConfigurationList = 1DF99F271A71DDC5004DB035 /* Build configuration list for PBXProject "dunning-guide" */;
			compatibilityVersion = "Xcode 3.2";
			developmentRegion = English;
			hasScannedForEncodings = 0;
			knownRegions = (
				en,
				Base,
			);
			mainGroup = 1DF99F231A71DDC5004DB035;
			productRefGroup = 1DF99F2D1A71DDC5004DB035 /* Products */;
			projectDirPath = "";
			projectRoot = "";
			targets = (
				1DF99F2B1A71DDC5004DB035 /* dunning-guide */,
				1DF99F401A71DDC5004DB035 /* dunning-guideTests */,
			);
		};
/* End PBXProject section */

/* Begin PBXResourcesBuildPhase section */
		1DF99F2A1A71DDC5004DB035 /* Resources */ = {
			isa = PBXResourcesBuildPhase;
			buildActionMask = 2147483647;
			files = (
				1DF99F371A71DDC5004DB035 /* Main.storyboard in Resources */,
				1DF99F3C1A71DDC5004DB035 /* LaunchScreen.xib in Resources */,
				1DF99F391A71DDC5004DB035 /* Images.xcassets in Resources */,
			);
			runOnlyForDeploymentPostprocessing = 0;
		};
		1DF99F3F1A71DDC5004DB035 /* Resources */ = {
			isa = PBXResourcesBuildPhase;
			buildActionMask = 2147483647;
			files = (
			);
			runOnlyForDeploymentPostprocessing = 0;
		};
/* End PBXResourcesBuildPhase section */

/* Begin PBXSourcesBuildPhase section */
		1DF99F281A71DDC5004DB035 /* Sources */ = {
			isa = PBXSourcesBuildPhase;
			buildActionMask = 2147483647;
			files = (
				1DF99F341A71DDC5004DB035 /* ViewController.swift in Sources */,
				1DF99F321A71DDC5004DB035 /* AppDelegate.swift in Sources */,
			);
			runOnlyForDeploymentPostprocessing = 0;
		};
		1DF99F3D1A71DDC5004DB035 /* Sources */ = {
			isa = PBXSourcesBuildPhase;
			buildActionMask = 2147483647;
			files = (
				1DF99F481A71DDC5004DB035 /* dunning_guideTests.swift in Sources */,
			);
			runOnlyForDeploymentPostprocessing = 0;
		};
/* End PBXSourcesBuildPhase section */

/* Begin PBXTargetDependency section */
		1DF99F431A71DDC5004DB035 /* PBXTargetDependency */ = {
			isa = PBXTargetDependency;
			target = 1DF99F2B1A71DDC5004DB035 /* dunning-guide */;
			targetProxy = 1DF99F421A71DDC5004DB035 /* PBXContainerItemProxy */;
		};
/* End PBXTargetDependency section */

/* Begin PBXVariantGroup section */
		1DF99F351A71DDC5004DB035 /* Main.storyboard */ = {
			isa = PBXVariantGroup;
			children = (
				1DF99F361A71DDC5004DB035 /* Base */,
			);
			name = Main.storyboard;
			sourceTree = "<group>";
		};
		1DF99F3A1A71DDC5004DB035 /* LaunchScreen.xib */ = {
			isa = PBXVariantGroup;
			children = (
				1DF99F3B1A71DDC5004DB035 /* Base */,
			);
			name = LaunchScreen.xib;
			sourceTree = "<group>";
		};
/* End PBXVariantGroup section */

/* Begin XCBuildConfiguration section */
		1DF99F491A71DDC5004DB035 /* Debug */ = {
			isa = XCBuildConfiguration;
			buildSettings = {
				ALWAYS_SEARCH_USER_PATHS = NO;
				CLANG_CXX_LANGUAGE_STANDARD = "gnu++0x";
				CLANG_CXX_LIBRARY = "libc++";
				CLANG_ENABLE_MODULES = YES;
				CLANG_ENABLE_OBJC_ARC = YES;
				CLANG_WARN_BOOL_CONVERSION = YES;
				CLANG_WARN_CONSTANT_CONVERSION = YES;
				CLANG_WARN_DIRECT_OBJC_ISA_USAGE = YES_ERROR;
				CLANG_WARN_EMPTY_BODY = YES;
				CLANG_WARN_ENUM_CONVERSION = YES;
				CLANG_WARN_INT_CONVERSION = YES;
				CLANG_WARN_OBJC_ROOT_CLASS = YES_ERROR;
				CLANG_WARN_UNREACHABLE_CODE = YES;
				CLANG_WARN__DUPLICATE_METHOD_MATCH = YES;
				"CODE_SIGN_IDENTITY[sdk=iphoneos*]" = "iPhone Developer";
				COPY_PHASE_STRIP = NO;
				ENABLE_STRICT_OBJC_MSGSEND = YES;
				GCC_C_LANGUAGE_STANDARD = gnu99;
				GCC_DYNAMIC_NO_PIC = NO;
				GCC_OPTIMIZATION_LEVEL = 0;
				GCC_PREPROCESSOR_DEFINITIONS = (
					"DEBUG=1",
					"$(inherited)",
				);
				GCC_SYMBOLS_PRIVATE_EXTERN = NO;
				GCC_WARN_64_TO_32_BIT_CONVERSION = YES;
				GCC_WARN_ABOUT_RETURN_TYPE = YES_ERROR;
				GCC_WARN_UNDECLARED_SELECTOR = YES;
				GCC_WARN_UNINITIALIZED_AUTOS = YES_AGGRESSIVE;
				GCC_WARN_UNUSED_FUNCTION = YES;
				GCC_WARN_UNUSED_VARIABLE = YES;
				IPHONEOS_DEPLOYMENT_TARGET = 8.1;
				MTL_ENABLE_DEBUG_INFO = YES;
				ONLY_ACTIVE_ARCH = YES;
				SDKROOT = iphoneos;
				SWIFT_OPTIMIZATION_LEVEL = "-Onone";
			};
			name = Debug;
		};
		1DF99F4A1A71DDC5004DB035 /* Release */ = {
			isa = XCBuildConfiguration;
			buildSettings = {
				ALWAYS_SEARCH_USER_PATHS = NO;
				CLANG_CXX_LANGUAGE_STANDARD = "gnu++0x";
				CLANG_CXX_LIBRARY = "libc++";
				CLANG_ENABLE_MODULES = YES;
				CLANG_ENABLE_OBJC_ARC = YES;
				CLANG_WARN_BOOL_CONVERSION = YES;
				CLANG_WARN_CONSTANT_CONVERSION = YES;
				CLANG_WARN_DIRECT_OBJC_ISA_USAGE = YES_ERROR;
				CLANG_WARN_EMPTY_BODY = YES;
				CLANG_WARN_ENUM_CONVERSION = YES;
				CLANG_WARN_INT_CONVERSION = YES;
				CLANG_WARN_OBJC_ROOT_CLASS = YES_ERROR;
				CLANG_WARN_UNREACHABLE_CODE = YES;
				CLANG_WARN__DUPLICATE_METHOD_MATCH = YES;
				"CODE_SIGN_IDENTITY[sdk=iphoneos*]" = "iPhone Developer";
				COPY_PHASE_STRIP = YES;
				ENABLE_NS_ASSERTIONS = NO;
				ENABLE_STRICT_OBJC_MSGSEND = YES;
				GCC_C_LANGUAGE_STANDARD = gnu99;
				GCC_WARN_64_TO_32_BIT_CONVERSION = YES;
				GCC_WARN_ABOUT_RETURN_TYPE = YES_ERROR;
				GCC_WARN_UNDECLARED_SELECTOR = YES;
				GCC_WARN_UNINITIALIZED_AUTOS = YES_AGGRESSIVE;
				GCC_WARN_UNUSED_FUNCTION = YES;
				GCC_WARN_UNUSED_VARIABLE = YES;
				IPHONEOS_DEPLOYMENT_TARGET = 8.1;
				MTL_ENABLE_DEBUG_INFO = NO;
				SDKROOT = iphoneos;
				VALIDATE_PRODUCT = YES;
			};
			name = Release;
		};
		1DF99F4C1A71DDC5004DB035 /* Debug */ = {
			isa = XCBuildConfiguration;
			buildSettings = {
				ASSETCATALOG_COMPILER_APPICON_NAME = AppIcon;
				INFOPLIST_FILE = "dunning-guide/Info.plist";
				LD_RUNPATH_SEARCH_PATHS = "$(inherited) @executable_path/Frameworks";
				PRODUCT_NAME = "$(TARGET_NAME)";
			};
			name = Debug;
		};
		1DF99F4D1A71DDC5004DB035 /* Release */ = {
			isa = XCBuildConfiguration;
			buildSettings = {
				ASSETCATALOG_COMPILER_APPICON_NAME = AppIcon;
				INFOPLIST_FILE = "dunning-guide/Info.plist";
				LD_RUNPATH_SEARCH_PATHS = "$(inherited) @executable_path/Frameworks";
				PRODUCT_NAME = "$(TARGET_NAME)";
			};
			name = Release;
		};
		1DF99F4F1A71DDC5004DB035 /* Debug */ = {
			isa = XCBuildConfiguration;
			buildSettings = {
				BUNDLE_LOADER = "$(TEST_HOST)";
				FRAMEWORK_SEARCH_PATHS = (
					"$(SDKROOT)/Developer/Library/Frameworks",
					"$(inherited)",
				);
				GCC_PREPROCESSOR_DEFINITIONS = (
					"DEBUG=1",
					"$(inherited)",
				);
				INFOPLIST_FILE = "dunning-guideTests/Info.plist";
				LD_RUNPATH_SEARCH_PATHS = "$(inherited) @executable_path/Frameworks @loader_path/Frameworks";
				PRODUCT_NAME = "$(TARGET_NAME)";
				TEST_HOST = "$(BUILT_PRODUCTS_DIR)/dunning-guide.app/dunning-guide";
			};
			name = Debug;
		};
		1DF99F501A71DDC5004DB035 /* Release */ = {
			isa = XCBuildConfiguration;
			buildSettings = {
				BUNDLE_LOADER = "$(TEST_HOST)";
				FRAMEWORK_SEARCH_PATHS = (
					"$(SDKROOT)/Developer/Library/Frameworks",
					"$(inherited)",
				);
				INFOPLIST_FILE = "dunning-guideTests/Info.plist";
				LD_RUNPATH_SEARCH_PATHS = "$(inherited) @executable_path/Frameworks @loader_path/Frameworks";
				PRODUCT_NAME = "$(TARGET_NAME)";
				TEST_HOST = "$(BUILT_PRODUCTS_DIR)/dunning-guide.app/dunning-guide";
			};
			name = Release;
		};
/* End XCBuildConfiguration section */

/* Begin XCConfigurationList section */
		1DF99F271A71DDC5004DB035 /* Build configuration list for PBXProject "dunning-guide" */ = {
			isa = XCConfigurationList;
			buildConfigurations = (
				1DF99F491A71DDC5004DB035 /* Debug */,
				1DF99F4A1A71DDC5004DB035 /* Release */,
			);
			defaultConfigurationIsVisible = 0;
			defaultConfigurationName = Release;
		};
		1DF99F4B1A71DDC5004DB035 /* Build configuration list for PBXNativeTarget "dunning-guide" */ = {
			isa = XCConfigurationList;
			buildConfigurations = (
				1DF99F4C1A71DDC5004DB035 /* Debug */,
				1DF99F4D1A71DDC5004DB035 /* Release */,
			);
			defaultConfigurationIsVisible = 0;
		};
		1DF99F4E1A71DDC5004DB035 /* Build configuration list for PBXNativeTarget "dunning-guideTests" */ = {
			isa = XCConfigurationList;
			buildConfigurations = (
				1DF99F4F1A71DDC5004DB035 /* Debug */,
				1DF99F501A71DDC5004DB035 /* Release */,
			);
			defaultConfigurationIsVisible = 0;
		};
/* End XCConfigurationList section */
	};
	rootObject = 1DF99F241A71DDC5004DB035 /* Project object */;
}
